Microsoft Visual Studio Solution File, Format Version 12.00
# Visual Studio Version 17
VisualStudioVersion = 17.5.2.0
MinimumVisualStudioVersion = 10.0.40219.1
Project("{FAE04EC0-301F-11D3-BF4B-00C04F79EFBC}") = "MicroHttp.Auth", "MicroHttp.Auth.csproj", "{36EF6657-08A8-51BE-5C47-A082210AC97A}"
EndProject
Global
	GlobalSection(SolutionConfigurationPlatforms) = preSolution
		Debug|Any CPU = Debug|Any CPU
		Release|Any CPU = Release|Any CPU
	EndGlobalSection
	GlobalSection(ProjectConfigurationPlatforms) = postSolution
		{36EF6657-08A8-51BE-5C47-A082210AC97A}.Debug|Any CPU.ActiveCfg = Debug|Any CPU
		{36EF6657-08A8-51BE-5C47-A082210AC97A}.Debug|Any CPU.Build.0 = Debug|Any CPU
		{36EF6657-08A8-51BE-5C47-A082210AC97A}.Release|Any CPU.ActiveCfg = Release|Any CPU
		{36EF6657-08A8-51BE-5C47-A082210AC97A}.Release|Any CPU.Build.0 = Release|Any CPU
	EndGlobalSection
	GlobalSection(SolutionProperties) = preSolution
		HideSolutionNode = FALSE
	EndGlobalSection
	GlobalSection(ExtensibilityGlobals) = postSolution
		SolutionGuid = {0BA55B41-8B61-4197-8B22-28336D8FE7A7}
	EndGlobalSection
EndGlobal
